{
  "version": 4,
  "terraform_version": "1.7.0",
  "serial": 123,
  "lineage": "abc123-def456-ghi789",
  "outputs": {
    "web_server_ip": {
      "value": "192.168.1.10",
      "type": "string"
    }
  },
  "resources": [
    {
      "module": "root",
      "mode": "managed",
      "type": "aws_instance",
      "name": "web-server",
      "provider": "provider[\"registry.terraform.io/hashicorp/aws\"]",
      "instances": [
        {
          "schema_version": 1,
          "attributes": {
            "id": "i-1234567890abcdef0",
            "instance_type": "t3.micro",
            "ami": "ami-12345678",
            "tags": {
              "Name": "web-server",
              "Environment": "production",
              "Role": "web"
            },
            "public_ip": "192.168.1.10",
            "private_ip": "10.0.1.10",
            "hostname": "web-server.prod.example.com"
          },
          "private": "eyJzY2hlbWFfdmVyc2lvbiI6IjEifQ==",
          "dependencies": []
        }
      ],
      "depends_on": [],
      "config": {
        "instance_type": "t3.micro",
        "ami": "ami-12345678"
      }
    }
  ]
} 