{
  "version": 4,
  "terraform_version": "1.7.0",
  "serial": 123,
  "lineage": "abc123-def456-ghi789",
  "outputs": {
    "web_server_ip": {
      "value": "192.168.1.10",
      "type": "string"
    },
    "db_server_ip": {
      "value": "192.168.1.20",
      "type": "string"
    },
    "app_server_count": {
      "value": 3,
      "type": "number"
    },
    "environment": {
      "value": "production",
      "type": "string"
    }
  },
  "resources": [
    {
      "module": "root",
      "mode": "managed",
      "type": "aws_instance",
      "name": "web-server",
      "provider": "provider[\"registry.terraform.io/hashicorp/aws\"]",
      "instances": [
        {
          "schema_version": 1,
          "attributes": {
            "id": "i-1234567890abcdef0",
            "instance_type": "t3.micro",
            "ami": "ami-12345678",
            "tags": {
              "Name": "web-server",
              "Environment": "production",
              "Role": "web"
            },
            "public_ip": "192.168.1.10",
            "private_ip": "10.0.1.10",
            "hostname": "web-server.prod.example.com"
          },
          "private": "eyJzY2hlbWFfdmVyc2lvbiI6IjEifQ==",
          "dependencies": []
        }
      ],
      "depends_on": [],
      "config": {
        "instance_type": "t3.micro",
        "ami": "ami-12345678"
      }
    },
    {
      "module": "root",
      "mode": "managed",
      "type": "aws_instance",
      "name": "db-server",
      "provider": "provider[\"registry.terraform.io/hashicorp/aws\"]",
      "instances": [
        {
          "schema_version": 1,
          "attributes": {
            "id": "i-0987654321fedcba0",
            "instance_type": "t3.small",
            "ami": "ami-87654321",
            "tags": {
              "Name": "db-server",
              "Environment": "production",
              "Role": "database"
            },
            "public_ip": "192.168.1.20",
            "private_ip": "10.0.1.20",
            "hostname": "db-server.prod.example.com"
          },
          "private": "eyJzY2hlbWFfdmVyc2lvbiI6IjEifQ==",
          "dependencies": []
        }
      ],
      "depends_on": [],
      "config": {
        "instance_type": "t3.small",
        "ami": "ami-87654321"
      }
    },
    {
      "module": "root",
      "mode": "managed",
      "type": "aws_instance",
      "name": "app-server",
      "provider": "provider[\"registry.terraform.io/hashicorp/aws\"]",
      "instances": [
        {
          "schema_version": 1,
          "attributes": {
            "id": "i-11111111111111111",
            "instance_type": "t3.medium",
            "ami": "ami-11111111",
            "tags": {
              "Name": "app-server-1",
              "Environment": "production",
              "Role": "application"
            },
            "public_ip": "192.168.1.30",
            "private_ip": "10.0.1.30",
            "hostname": "app-server-1.prod.example.com"
          },
          "private": "eyJzY2hlbWFfdmVyc2lvbiI6IjEifQ==",
          "dependencies": []
        },
        {
          "schema_version": 1,
          "attributes": {
            "id": "i-22222222222222222",
            "instance_type": "t3.medium",
            "ami": "ami-11111111",
            "tags": {
              "Name": "app-server-2",
              "Environment": "production",
              "Role": "application"
            },
            "public_ip": "192.168.1.31",
            "private_ip": "10.0.1.31",
            "hostname": "app-server-2.prod.example.com"
          },
          "private": "eyJzY2hlbWFfdmVyc2lvbiI6IjEifQ==",
          "dependencies": []
        },
        {
          "schema_version": 1,
          "attributes": {
            "id": "i-33333333333333333",
            "instance_type": "t3.medium",
            "ami": "ami-11111111",
            "tags": {
              "Name": "app-server-3",
              "Environment": "production",
              "Role": "application"
            },
            "public_ip": "192.168.1.32",
            "private_ip": "10.0.1.32",
            "hostname": "app-server-3.prod.example.com"
          },
          "private": "eyJzY2hlbWFfdmVyc2lvbiI6IjEifQ==",
          "dependencies": []
        }
      ],
      "depends_on": [],
      "config": {
        "instance_type": "t3.medium",
        "ami": "ami-11111111",
        "count": 3
      }
    },
    {
      "module": "root",
      "mode": "managed",
      "type": "aws_security_group",
      "name": "web_sg",
      "provider": "provider[\"registry.terraform.io/hashicorp/aws\"]",
      "instances": [
        {
          "schema_version": 1,
          "attributes": {
            "id": "sg-1234567890abcdef0",
            "name": "web-security-group",
            "description": "Security group for web servers",
            "tags": {
              "Name": "web-sg",
              "Environment": "production"
            }
          },
          "private": "eyJzY2hlbWFfdmVyc2lvbiI6IjEifQ==",
          "dependencies": []
        }
      ],
      "depends_on": [],
      "config": {
        "name": "web-security-group",
        "description": "Security group for web servers"
      }
    },
    {
      "module": "root",
      "mode": "managed",
      "type": "aws_elb",
      "name": "web_load_balancer",
      "provider": "provider[\"registry.terraform.io/hashicorp/aws\"]",
      "instances": [
        {
          "schema_version": 1,
          "attributes": {
            "id": "elb-1234567890abcdef0",
            "name": "web-load-balancer",
            "dns_name": "web-lb.prod.example.com",
            "tags": {
              "Name": "web-lb",
              "Environment": "production"
            }
          },
          "private": "eyJzY2hlbWFfdmVyc2lvbiI6IjEifQ==",
          "dependencies": []
        }
      ],
      "depends_on": [],
      "config": {
        "name": "web-load-balancer"
      }
    }
  ]
} 